
Microsoft Visual Studio Solution File, Format Version 12.00
Project("{FAE04EC0-301F-11D3-BF4B-00C04F79EFBC}") = "Domain", "Domain\Domain.csproj", "{5C9CA3A2-679A-485A-A372-E51EE657676D}"
EndProject
Global
	GlobalSection(SolutionConfigurationPlatforms) = preSolution
		Debug|Any CPU = Debug|Any CPU
		Release|Any CPU = Release|Any CPU
	EndGlobalSection
	GlobalSection(ProjectConfigurationPlatforms) = postSolution
		{5C9CA3A2-679A-485A-A372-E51EE657676D}.Debug|Any CPU.ActiveCfg = Debug|Any CPU
		{5C9CA3A2-679A-485A-A372-E51EE657676D}.Debug|Any CPU.Build.0 = Debug|Any CPU
		{5C9CA3A2-679A-485A-A372-E51EE657676D}.Release|Any CPU.ActiveCfg = Release|Any CPU
		{5C9CA3A2-679A-485A-A372-E51EE657676D}.Release|Any CPU.Build.0 = Release|Any CPU
	EndGlobalSection
EndGlobal
